
Microsoft Visual Studio Solution File, Format Version 12.00
# Visual Studio Version 17
VisualStudioVersion = 17.13.35931.197 d17.13
MinimumVisualStudioVersion = 10.0.40219.1
Project("{FAE04EC0-301F-11D3-BF4B-00C04F79EFBC}") = "Jam5Project", "Jam5Project\Jam5Project.csproj", "{4A0CD274-EA4D-4A51-9CF6-D06855162194}"
EndProject
Global
	GlobalSection(SolutionConfigurationPlatforms) = preSolution
		Debug|Any CPU = Debug|Any CPU
		Release|Any CPU = Release|Any CPU
	EndGlobalSection
	GlobalSection(ProjectConfigurationPlatforms) = postSolution
		{4A0CD274-EA4D-4A51-9CF6-D06855162194}.Debug|Any CPU.ActiveCfg = Debug|Any CPU
		{4A0CD274-EA4D-4A51-9CF6-D06855162194}.Debug|Any CPU.Build.0 = Debug|Any CPU
		{4A0CD274-EA4D-4A51-9CF6-D06855162194}.Release|Any CPU.ActiveCfg = Release|Any CPU
		{4A0CD274-EA4D-4A51-9CF6-D06855162194}.Release|Any CPU.Build.0 = Release|Any CPU
	EndGlobalSection
	GlobalSection(SolutionProperties) = preSolution
		HideSolutionNode = FALSE
	EndGlobalSection
	GlobalSection(ExtensibilityGlobals) = postSolution
		SolutionGuid = {FDA8036B-86C4-4139-B407-4E0F72F161C5}
	EndGlobalSection
EndGlobal
